
Microsoft Visual Studio Solution File, Format Version 12.00
# Visual Studio Version 17
VisualStudioVersion = 17.11.35222.181
MinimumVisualStudioVersion = 10.0.40219.1
Project("{FAE04EC0-301F-11D3-BF4B-00C04F79EFBC}") = "лб 6", "лб 6\лб 6.csproj", "{0DD4FEE6-5411-49D1-A82A-12FCA586AF16}"
EndProject
Global
	GlobalSection(SolutionConfigurationPlatforms) = preSolution
		Debug|Any CPU = Debug|Any CPU
		Release|Any CPU = Release|Any CPU
	EndGlobalSection
	GlobalSection(ProjectConfigurationPlatforms) = postSolution
		{0DD4FEE6-5411-49D1-A82A-12FCA586AF16}.Debug|Any CPU.ActiveCfg = Debug|Any CPU
		{0DD4FEE6-5411-49D1-A82A-12FCA586AF16}.Debug|Any CPU.Build.0 = Debug|Any CPU
		{0DD4FEE6-5411-49D1-A82A-12FCA586AF16}.Release|Any CPU.ActiveCfg = Release|Any CPU
		{0DD4FEE6-5411-49D1-A82A-12FCA586AF16}.Release|Any CPU.Build.0 = Release|Any CPU
	EndGlobalSection
	GlobalSection(SolutionProperties) = preSolution
		HideSolutionNode = FALSE
	EndGlobalSection
	GlobalSection(ExtensibilityGlobals) = postSolution
		SolutionGuid = {1640FC27-C569-412A-B650-7B7A2B769D5E}
	EndGlobalSection
EndGlobal
